
Microsoft Visual Studio Solution File, Format Version 12.00
# Visual Studio 15
VisualStudioVersion = 15.0.27703.2047
MinimumVisualStudioVersion = 10.0.40219.1
Project("{FAE04EC0-301F-11D3-BF4B-00C04F79EFBC}") = "AccountFactory", "AccountFactory\AccountFactory.csproj", "{F04A71F6-6B21-44CE-9A06-5874C9745049}"
EndProject
Global
	GlobalSection(SolutionConfigurationPlatforms) = preSolution
		Debug|Any CPU = Debug|Any CPU
		Debug|x64 = Debug|x64
		Debug|x86 = Debug|x86
		Release|Any CPU = Release|Any CPU
		Release|x64 = Release|x64
		Release|x86 = Release|x86
	EndGlobalSection
	GlobalSection(ProjectConfigurationPlatforms) = postSolution
		{F04A71F6-6B21-44CE-9A06-5874C9745049}.Debug|Any CPU.ActiveCfg = Debug|Any CPU
		{F04A71F6-6B21-44CE-9A06-5874C9745049}.Debug|Any CPU.Build.0 = Debug|Any CPU
		{F04A71F6-6B21-44CE-9A06-5874C9745049}.Debug|x64.ActiveCfg = Debug|x64
		{F04A71F6-6B21-44CE-9A06-5874C9745049}.Debug|x64.Build.0 = Debug|x64
		{F04A71F6-6B21-44CE-9A06-5874C9745049}.Debug|x86.ActiveCfg = Debug|x86
		{F04A71F6-6B21-44CE-9A06-5874C9745049}.Debug|x86.Build.0 = Debug|x86
		{F04A71F6-6B21-44CE-9A06-5874C9745049}.Release|Any CPU.ActiveCfg = Release|Any CPU
		{F04A71F6-6B21-44CE-9A06-5874C9745049}.Release|Any CPU.Build.0 = Release|Any CPU
		{F04A71F6-6B21-44CE-9A06-5874C9745049}.Release|x64.ActiveCfg = Release|x64
		{F04A71F6-6B21-44CE-9A06-5874C9745049}.Release|x64.Build.0 = Release|x64
		{F04A71F6-6B21-44CE-9A06-5874C9745049}.Release|x86.ActiveCfg = Release|x86
		{F04A71F6-6B21-44CE-9A06-5874C9745049}.Release|x86.Build.0 = Release|x86
	EndGlobalSection
	GlobalSection(SolutionProperties) = preSolution
		HideSolutionNode = FALSE
	EndGlobalSection
	GlobalSection(ExtensibilityGlobals) = postSolution
		SolutionGuid = {D8797B40-5154-4F11-8A53-3BDA20EC9A90}
	EndGlobalSection
EndGlobal
